
Microsoft Visual Studio Solution File, Format Version 12.00
# Visual Studio Version 16
VisualStudioVersion = 16.0.30114.105
MinimumVisualStudioVersion = 10.0.40219.1
Project("{FAE04EC0-301F-11D3-BF4B-00C04F79EFBC}") = "BenchmarkDemo", "BenchmarkDemo\BenchmarkDemo.csproj", "{E60FC63F-B72D-45BA-AD4F-1061F6D3E3F4}"
EndProject
Project("{FAE04EC0-301F-11D3-BF4B-00C04F79EFBC}") = "BenchmarkDemo.Tests", "BenchmarkDemo.Tests\BenchmarkDemo.Tests.csproj", "{8597A41F-A12B-4DA4-81E4-FC7B3778595A}"
EndProject
Project("{FAE04EC0-301F-11D3-BF4B-00C04F79EFBC}") = "BenchmarkDemo.Library", "BenchmarkDemo.Library\BenchmarkDemo.Library.csproj", "{5EA428C9-164B-484F-BA23-CE39A90DFB01}"
EndProject
Project("{FAE04EC0-301F-11D3-BF4B-00C04F79EFBC}") = "BenchmarkDemo.Profiling", "BenchmarkDemo.Profiling\BenchmarkDemo.Profiling.csproj", "{13624345-5198-41A5-AACB-4A94A6E62639}"
EndProject
Global
	GlobalSection(SolutionConfigurationPlatforms) = preSolution
		Debug|Any CPU = Debug|Any CPU
		Release|Any CPU = Release|Any CPU
	EndGlobalSection
	GlobalSection(SolutionProperties) = preSolution
		HideSolutionNode = FALSE
	EndGlobalSection
	GlobalSection(ProjectConfigurationPlatforms) = postSolution
		{E60FC63F-B72D-45BA-AD4F-1061F6D3E3F4}.Debug|Any CPU.ActiveCfg = Debug|Any CPU
		{E60FC63F-B72D-45BA-AD4F-1061F6D3E3F4}.Debug|Any CPU.Build.0 = Debug|Any CPU
		{E60FC63F-B72D-45BA-AD4F-1061F6D3E3F4}.Release|Any CPU.ActiveCfg = Release|Any CPU
		{E60FC63F-B72D-45BA-AD4F-1061F6D3E3F4}.Release|Any CPU.Build.0 = Release|Any CPU
		{8597A41F-A12B-4DA4-81E4-FC7B3778595A}.Debug|Any CPU.ActiveCfg = Debug|Any CPU
		{8597A41F-A12B-4DA4-81E4-FC7B3778595A}.Debug|Any CPU.Build.0 = Debug|Any CPU
		{8597A41F-A12B-4DA4-81E4-FC7B3778595A}.Release|Any CPU.ActiveCfg = Release|Any CPU
		{8597A41F-A12B-4DA4-81E4-FC7B3778595A}.Release|Any CPU.Build.0 = Release|Any CPU
		{5EA428C9-164B-484F-BA23-CE39A90DFB01}.Debug|Any CPU.ActiveCfg = Debug|Any CPU
		{5EA428C9-164B-484F-BA23-CE39A90DFB01}.Debug|Any CPU.Build.0 = Debug|Any CPU
		{5EA428C9-164B-484F-BA23-CE39A90DFB01}.Release|Any CPU.ActiveCfg = Release|Any CPU
		{5EA428C9-164B-484F-BA23-CE39A90DFB01}.Release|Any CPU.Build.0 = Release|Any CPU
		{13624345-5198-41A5-AACB-4A94A6E62639}.Debug|Any CPU.ActiveCfg = Debug|Any CPU
		{13624345-5198-41A5-AACB-4A94A6E62639}.Debug|Any CPU.Build.0 = Debug|Any CPU
		{13624345-5198-41A5-AACB-4A94A6E62639}.Release|Any CPU.ActiveCfg = Release|Any CPU
		{13624345-5198-41A5-AACB-4A94A6E62639}.Release|Any CPU.Build.0 = Release|Any CPU
	EndGlobalSection
EndGlobal
